
Microsoft Visual Studio Solution File, Format Version 12.00
# Visual Studio Version 17
VisualStudioVersion = 17.12.35514.174
MinimumVisualStudioVersion = 10.0.40219.1
Project("{FAE04EC0-301F-11D3-BF4B-00C04F79EFBC}") = "PetShop", "PetShop\PetShop.csproj", "{18DC590D-65D0-46EB-80BC-143DA3135DF7}"
EndProject
Project("{FAE04EC0-301F-11D3-BF4B-00C04F79EFBC}") = "PetShopAPI", "PetShopAPI\PetShopAPI.csproj", "{9D07D21C-2A75-4610-B132-ACEC47CB5711}"
EndProject
Global
	GlobalSection(SolutionConfigurationPlatforms) = preSolution
		Debug|Any CPU = Debug|Any CPU
		Debug|x64 = Debug|x64
		Debug|x86 = Debug|x86
		Release|Any CPU = Release|Any CPU
		Release|x64 = Release|x64
		Release|x86 = Release|x86
	EndGlobalSection
	GlobalSection(ProjectConfigurationPlatforms) = postSolution
		{18DC590D-65D0-46EB-80BC-143DA3135DF7}.Debug|Any CPU.ActiveCfg = Debug|Any CPU
		{18DC590D-65D0-46EB-80BC-143DA3135DF7}.Debug|Any CPU.Build.0 = Debug|Any CPU
		{18DC590D-65D0-46EB-80BC-143DA3135DF7}.Debug|x64.ActiveCfg = Debug|Any CPU
		{18DC590D-65D0-46EB-80BC-143DA3135DF7}.Debug|x64.Build.0 = Debug|Any CPU
		{18DC590D-65D0-46EB-80BC-143DA3135DF7}.Debug|x86.ActiveCfg = Debug|Any CPU
		{18DC590D-65D0-46EB-80BC-143DA3135DF7}.Debug|x86.Build.0 = Debug|Any CPU
		{18DC590D-65D0-46EB-80BC-143DA3135DF7}.Release|Any CPU.ActiveCfg = Release|Any CPU
		{18DC590D-65D0-46EB-80BC-143DA3135DF7}.Release|Any CPU.Build.0 = Release|Any CPU
		{18DC590D-65D0-46EB-80BC-143DA3135DF7}.Release|x64.ActiveCfg = Release|Any CPU
		{18DC590D-65D0-46EB-80BC-143DA3135DF7}.Release|x64.Build.0 = Release|Any CPU
		{18DC590D-65D0-46EB-80BC-143DA3135DF7}.Release|x86.ActiveCfg = Release|Any CPU
		{18DC590D-65D0-46EB-80BC-143DA3135DF7}.Release|x86.Build.0 = Release|Any CPU
		{9D07D21C-2A75-4610-B132-ACEC47CB5711}.Debug|Any CPU.ActiveCfg = Debug|Any CPU
		{9D07D21C-2A75-4610-B132-ACEC47CB5711}.Debug|Any CPU.Build.0 = Debug|Any CPU
		{9D07D21C-2A75-4610-B132-ACEC47CB5711}.Debug|x64.ActiveCfg = Debug|Any CPU
		{9D07D21C-2A75-4610-B132-ACEC47CB5711}.Debug|x64.Build.0 = Debug|Any CPU
		{9D07D21C-2A75-4610-B132-ACEC47CB5711}.Debug|x86.ActiveCfg = Debug|Any CPU
		{9D07D21C-2A75-4610-B132-ACEC47CB5711}.Debug|x86.Build.0 = Debug|Any CPU
		{9D07D21C-2A75-4610-B132-ACEC47CB5711}.Release|Any CPU.ActiveCfg = Release|Any CPU
		{9D07D21C-2A75-4610-B132-ACEC47CB5711}.Release|Any CPU.Build.0 = Release|Any CPU
		{9D07D21C-2A75-4610-B132-ACEC47CB5711}.Release|x64.ActiveCfg = Release|Any CPU
		{9D07D21C-2A75-4610-B132-ACEC47CB5711}.Release|x64.Build.0 = Release|Any CPU
		{9D07D21C-2A75-4610-B132-ACEC47CB5711}.Release|x86.ActiveCfg = Release|Any CPU
		{9D07D21C-2A75-4610-B132-ACEC47CB5711}.Release|x86.Build.0 = Release|Any CPU
	EndGlobalSection
	GlobalSection(SolutionProperties) = preSolution
		HideSolutionNode = FALSE
	EndGlobalSection
	GlobalSection(ExtensibilityGlobals) = postSolution
		SolutionGuid = {072B94FE-3056-4401-912D-A0CAB5C94727}
	EndGlobalSection
EndGlobal
